
Microsoft Visual Studio Solution File, Format Version 12.00
# Visual Studio Version 17
VisualStudioVersion = 17.5.33516.290
MinimumVisualStudioVersion = 10.0.40219.1
Project("{FAE04EC0-301F-11D3-BF4B-00C04F79EFBC}") = "BlazorCascadingParametersEventCallBack", "BlazorCascadingParametersEventCallBack\BlazorCascadingParametersEventCallBack.csproj", "{6AF38F01-0AFC-41F7-9760-A9C7B2F6FC78}"
EndProject
Global
	GlobalSection(SolutionConfigurationPlatforms) = preSolution
		Debug|Any CPU = Debug|Any CPU
		Release|Any CPU = Release|Any CPU
	EndGlobalSection
	GlobalSection(ProjectConfigurationPlatforms) = postSolution
		{6AF38F01-0AFC-41F7-9760-A9C7B2F6FC78}.Debug|Any CPU.ActiveCfg = Debug|Any CPU
		{6AF38F01-0AFC-41F7-9760-A9C7B2F6FC78}.Debug|Any CPU.Build.0 = Debug|Any CPU
		{6AF38F01-0AFC-41F7-9760-A9C7B2F6FC78}.Release|Any CPU.ActiveCfg = Release|Any CPU
		{6AF38F01-0AFC-41F7-9760-A9C7B2F6FC78}.Release|Any CPU.Build.0 = Release|Any CPU
	EndGlobalSection
	GlobalSection(SolutionProperties) = preSolution
		HideSolutionNode = FALSE
	EndGlobalSection
	GlobalSection(ExtensibilityGlobals) = postSolution
		SolutionGuid = {2A0F3756-3E67-4389-9DE3-EB39BA16839D}
	EndGlobalSection
EndGlobal
